
Microsoft Visual Studio Solution File, Format Version 12.00
# Visual Studio 15
VisualStudioVersion = 15.0.28307.645
MinimumVisualStudioVersion = 10.0.40219.1
Project("{FAE04EC0-301F-11D3-BF4B-00C04F79EFBC}") = "CorpusGen", "CorpusGen\CorpusGen.csproj", "{138CF73F-FCF6-478B-8F75-FD3D2EEEE41D}"
EndProject
Global
	GlobalSection(SolutionConfigurationPlatforms) = preSolution
		Debug|Any CPU = Debug|Any CPU
		Release|Any CPU = Release|Any CPU
	EndGlobalSection
	GlobalSection(ProjectConfigurationPlatforms) = postSolution
		{138CF73F-FCF6-478B-8F75-FD3D2EEEE41D}.Debug|Any CPU.ActiveCfg = Debug|Any CPU
		{138CF73F-FCF6-478B-8F75-FD3D2EEEE41D}.Debug|Any CPU.Build.0 = Debug|Any CPU
		{138CF73F-FCF6-478B-8F75-FD3D2EEEE41D}.Release|Any CPU.ActiveCfg = Release|Any CPU
		{138CF73F-FCF6-478B-8F75-FD3D2EEEE41D}.Release|Any CPU.Build.0 = Release|Any CPU
	EndGlobalSection
	GlobalSection(SolutionProperties) = preSolution
		HideSolutionNode = FALSE
	EndGlobalSection
	GlobalSection(ExtensibilityGlobals) = postSolution
		SolutionGuid = {EB764B82-2716-4BFE-88A9-DE9EF1D5252A}
	EndGlobalSection
EndGlobal
